
Microsoft Visual Studio Solution File, Format Version 12.00
# Visual Studio Version 17
VisualStudioVersion = 17.5.002.0
MinimumVisualStudioVersion = 10.0.40219.1
Project("{9A19103F-16F7-4668-BE54-9A1E7A4F7556}") = "APL2007M2Sample1", "APL2007M2Sample1\APL2007M2Sample1.csproj", "{FFA7662D-07F6-475D-9681-7BC163ABD7B6}"
EndProject
Project("{9A19103F-16F7-4668-BE54-9A1E7A4F7556}") = "APL2007M2Sample2", "APL2007M2Sample2\APL2007M2Sample2.csproj", "{EB484EE8-7912-40BA-86FB-C8703F4E3EA4}"
EndProject
Project("{9A19103F-16F7-4668-BE54-9A1E7A4F7556}") = "APL2007M3SalesReport", "APL2007M3SalesReport-CodeLogicChallenge\APL2007M3SalesReport.csproj", "{1BCE072E-6108-47C9-8FE6-F7E944B61716}"
EndProject
Project("{9A19103F-16F7-4668-BE54-9A1E7A4F7556}") = "APL2007M3SalesReport-InlineChat", "APL2007M3SalesReport-InlineChat\APL2007M3SalesReport-InlineChat.csproj", "{A568055B-9B51-4A14-BEF6-FDDBA8EC04D2}"
EndProject
Project("{9A19103F-16F7-4668-BE54-9A1E7A4F7556}") = "APL2007M3SalesReport-NewCodeChallenge", "APL2007M3SalesReport-NewCodeChallenge\APL2007M3SalesReport-NewCodeChallenge.csproj", "{4C6FA2FE-5FA9-428B-865E-4F8154A386FA}"
EndProject
Project("{9A19103F-16F7-4668-BE54-9A1E7A4F7556}") = "APL2007M3SalesReport-SalesOrders", "APL2007M3SalesReport-SalesOrders\APL2007M3SalesReport-SalesOrders.csproj", "{1AAFF7A1-C775-41DB-BAF5-2A4318AA3A82}"
EndProject
Project("{9A19103F-16F7-4668-BE54-9A1E7A4F7556}") = "APL2007M5", "APL2007M5SalesReport\APL2007M5.csproj", "{6CBAED6D-79B4-4773-9074-C092205EF321}"
EndProject
Project("{2150E333-8FDC-42A3-9474-1A3956D46DE8}") = "APL2007M4BankAccount", "APL2007M4BankAccount", "{75E78544-782E-455D-B2C9-02D65A8C1A1F}"
EndProject
Project("{9A19103F-16F7-4668-BE54-9A1E7A4F7556}") = "BankAccount", "APL2007M4BankAccount\BankAccountClass\BankAccount.csproj", "{6B34EB2E-9ECA-4D7C-B2B6-BFAE3C828805}"
EndProject
Project("{2150E333-8FDC-42A3-9474-1A3956D46DE8}") = "APL2007M4PrimeService", "APL2007M4PrimeService", "{E048036B-2697-4BAD-B250-EE08B4692817}"
EndProject
Project("{9A19103F-16F7-4668-BE54-9A1E7A4F7556}") = "Numbers", "APL2007M4PrimeService\Numbers\Numbers.csproj", "{4B5DD0DC-B780-470F-BE0D-5C3B1EBD0093}"
EndProject
Project("{2150E333-8FDC-42A3-9474-1A3956D46DE8}") = "APL2007M4PrimeService-UnitTests", "APL2007M4PrimeService-UnitTests", "{A8F18725-3CF4-44AA-9802-67DBCE7AD1AE}"
EndProject
Project("{9A19103F-16F7-4668-BE54-9A1E7A4F7556}") = "Numbers", "APL2007M4PrimeService-UnitTests\Numbers\Numbers.csproj", "{3FC432B8-F9FC-4734-AF5B-C72C683BBEC1}"
EndProject
Project("{9A19103F-16F7-4668-BE54-9A1E7A4F7556}") = "PrimeService.UnitTests", "APL2007M4PrimeService-UnitTests\PrimeService.UnitTests\PrimeService.UnitTests.csproj", "{1D357461-A46C-4ABD-8864-DE31A86C67C6}"
EndProject
Project("{2150E333-8FDC-42A3-9474-1A3956D46DE8}") = "APL2007M4SalesReport", "APL2007M4SalesReport", "{4F0A1BF5-5699-40D1-9443-52BA6B0A4816}"
EndProject
Project("{9A19103F-16F7-4668-BE54-9A1E7A4F7556}") = "APL2007M4", "APL2007M4SalesReport\SalesReportApp\APL2007M4.csproj", "{1C5D3695-A1A2-4D5C-82F7-AD073349450B}"
EndProject
Project("{2150E333-8FDC-42A3-9474-1A3956D46DE8}") = "APL2007M5BankAccount", "APL2007M5BankAccount", "{5FCFEC1D-CDBD-4D54-9AF3-37C98E3A5BF9}"
EndProject
Project("{9A19103F-16F7-4668-BE54-9A1E7A4F7556}") = "BankAccount.UnitTests", "APL2007M5BankAccount\BankAccount.UnitTests\BankAccount.UnitTests.csproj", "{1C409D72-476A-4497-87FA-ADB73A698918}"
EndProject
Project("{9A19103F-16F7-4668-BE54-9A1E7A4F7556}") = "BankAccount", "APL2007M5BankAccount\BankAccountClass\BankAccount.csproj", "{F5DC0888-8749-4F2E-8772-9BB6D7380494}"
EndProject
Project("{2150E333-8FDC-42A3-9474-1A3956D46DE8}") = "APL2007M5BankAccount-Reliability", "APL2007M5BankAccount-Reliability", "{D6AC766D-3A67-476F-B04B-4003A418C2EC}"
EndProject
Project("{9A19103F-16F7-4668-BE54-9A1E7A4F7556}") = "BankAccount.UnitTests", "APL2007M5BankAccount-Reliability\BankAccount.UnitTests\BankAccount.UnitTests.csproj", "{E383159D-6EAF-4148-BB01-D5AC72898792}"
EndProject
Project("{9A19103F-16F7-4668-BE54-9A1E7A4F7556}") = "BankAccount", "APL2007M5BankAccount-Reliability\BankAccountClass\BankAccount.csproj", "{D8B89489-7D49-4D2F-8953-61893DD95A64}"
EndProject
Project("{2150E333-8FDC-42A3-9474-1A3956D46DE8}") = "APL2007M5BankAccount-Security", "APL2007M5BankAccount-Security", "{D035D638-171F-43F6-B4A1-2C4FCBB479AD}"
EndProject
Project("{9A19103F-16F7-4668-BE54-9A1E7A4F7556}") = "BankAccount.UnitTests", "APL2007M5BankAccount-Security\BankAccount.UnitTests\BankAccount.UnitTests.csproj", "{1F89BB90-F804-4CE2-8527-08EB273818F3}"
EndProject
Project("{9A19103F-16F7-4668-BE54-9A1E7A4F7556}") = "BankAccount", "APL2007M5BankAccount-Security\BankAccountClass\BankAccount.csproj", "{F3B2E342-45CD-4A7B-816D-FA752D88E9E5}"
EndProject
Global
	GlobalSection(SolutionConfigurationPlatforms) = preSolution
		Debug|Any CPU = Debug|Any CPU
		Release|Any CPU = Release|Any CPU
	EndGlobalSection
	GlobalSection(ProjectConfigurationPlatforms) = postSolution
		{FFA7662D-07F6-475D-9681-7BC163ABD7B6}.Debug|Any CPU.ActiveCfg = Debug|Any CPU
		{FFA7662D-07F6-475D-9681-7BC163ABD7B6}.Debug|Any CPU.Build.0 = Debug|Any CPU
		{FFA7662D-07F6-475D-9681-7BC163ABD7B6}.Release|Any CPU.ActiveCfg = Release|Any CPU
		{FFA7662D-07F6-475D-9681-7BC163ABD7B6}.Release|Any CPU.Build.0 = Release|Any CPU
		{EB484EE8-7912-40BA-86FB-C8703F4E3EA4}.Debug|Any CPU.ActiveCfg = Debug|Any CPU
		{EB484EE8-7912-40BA-86FB-C8703F4E3EA4}.Debug|Any CPU.Build.0 = Debug|Any CPU
		{EB484EE8-7912-40BA-86FB-C8703F4E3EA4}.Release|Any CPU.ActiveCfg = Release|Any CPU
		{EB484EE8-7912-40BA-86FB-C8703F4E3EA4}.Release|Any CPU.Build.0 = Release|Any CPU
		{1BCE072E-6108-47C9-8FE6-F7E944B61716}.Debug|Any CPU.ActiveCfg = Debug|Any CPU
		{1BCE072E-6108-47C9-8FE6-F7E944B61716}.Debug|Any CPU.Build.0 = Debug|Any CPU
		{1BCE072E-6108-47C9-8FE6-F7E944B61716}.Release|Any CPU.ActiveCfg = Release|Any CPU
		{1BCE072E-6108-47C9-8FE6-F7E944B61716}.Release|Any CPU.Build.0 = Release|Any CPU
		{A568055B-9B51-4A14-BEF6-FDDBA8EC04D2}.Debug|Any CPU.ActiveCfg = Debug|Any CPU
		{A568055B-9B51-4A14-BEF6-FDDBA8EC04D2}.Debug|Any CPU.Build.0 = Debug|Any CPU
		{A568055B-9B51-4A14-BEF6-FDDBA8EC04D2}.Release|Any CPU.ActiveCfg = Release|Any CPU
		{A568055B-9B51-4A14-BEF6-FDDBA8EC04D2}.Release|Any CPU.Build.0 = Release|Any CPU
		{4C6FA2FE-5FA9-428B-865E-4F8154A386FA}.Debug|Any CPU.ActiveCfg = Debug|Any CPU
		{4C6FA2FE-5FA9-428B-865E-4F8154A386FA}.Debug|Any CPU.Build.0 = Debug|Any CPU
		{4C6FA2FE-5FA9-428B-865E-4F8154A386FA}.Release|Any CPU.ActiveCfg = Release|Any CPU
		{4C6FA2FE-5FA9-428B-865E-4F8154A386FA}.Release|Any CPU.Build.0 = Release|Any CPU
		{1AAFF7A1-C775-41DB-BAF5-2A4318AA3A82}.Debug|Any CPU.ActiveCfg = Debug|Any CPU
		{1AAFF7A1-C775-41DB-BAF5-2A4318AA3A82}.Debug|Any CPU.Build.0 = Debug|Any CPU
		{1AAFF7A1-C775-41DB-BAF5-2A4318AA3A82}.Release|Any CPU.ActiveCfg = Release|Any CPU
		{1AAFF7A1-C775-41DB-BAF5-2A4318AA3A82}.Release|Any CPU.Build.0 = Release|Any CPU
		{6CBAED6D-79B4-4773-9074-C092205EF321}.Debug|Any CPU.ActiveCfg = Debug|Any CPU
		{6CBAED6D-79B4-4773-9074-C092205EF321}.Debug|Any CPU.Build.0 = Debug|Any CPU
		{6CBAED6D-79B4-4773-9074-C092205EF321}.Release|Any CPU.ActiveCfg = Release|Any CPU
		{6CBAED6D-79B4-4773-9074-C092205EF321}.Release|Any CPU.Build.0 = Release|Any CPU
		{6B34EB2E-9ECA-4D7C-B2B6-BFAE3C828805}.Debug|Any CPU.ActiveCfg = Debug|Any CPU
		{6B34EB2E-9ECA-4D7C-B2B6-BFAE3C828805}.Debug|Any CPU.Build.0 = Debug|Any CPU
		{6B34EB2E-9ECA-4D7C-B2B6-BFAE3C828805}.Release|Any CPU.ActiveCfg = Release|Any CPU
		{6B34EB2E-9ECA-4D7C-B2B6-BFAE3C828805}.Release|Any CPU.Build.0 = Release|Any CPU
		{4B5DD0DC-B780-470F-BE0D-5C3B1EBD0093}.Debug|Any CPU.ActiveCfg = Debug|Any CPU
		{4B5DD0DC-B780-470F-BE0D-5C3B1EBD0093}.Debug|Any CPU.Build.0 = Debug|Any CPU
		{4B5DD0DC-B780-470F-BE0D-5C3B1EBD0093}.Release|Any CPU.ActiveCfg = Release|Any CPU
		{4B5DD0DC-B780-470F-BE0D-5C3B1EBD0093}.Release|Any CPU.Build.0 = Release|Any CPU
		{3FC432B8-F9FC-4734-AF5B-C72C683BBEC1}.Debug|Any CPU.ActiveCfg = Debug|Any CPU
		{3FC432B8-F9FC-4734-AF5B-C72C683BBEC1}.Debug|Any CPU.Build.0 = Debug|Any CPU
		{3FC432B8-F9FC-4734-AF5B-C72C683BBEC1}.Release|Any CPU.ActiveCfg = Release|Any CPU
		{3FC432B8-F9FC-4734-AF5B-C72C683BBEC1}.Release|Any CPU.Build.0 = Release|Any CPU
		{1D357461-A46C-4ABD-8864-DE31A86C67C6}.Debug|Any CPU.ActiveCfg = Debug|Any CPU
		{1D357461-A46C-4ABD-8864-DE31A86C67C6}.Debug|Any CPU.Build.0 = Debug|Any CPU
		{1D357461-A46C-4ABD-8864-DE31A86C67C6}.Release|Any CPU.ActiveCfg = Release|Any CPU
		{1D357461-A46C-4ABD-8864-DE31A86C67C6}.Release|Any CPU.Build.0 = Release|Any CPU
		{1C5D3695-A1A2-4D5C-82F7-AD073349450B}.Debug|Any CPU.ActiveCfg = Debug|Any CPU
		{1C5D3695-A1A2-4D5C-82F7-AD073349450B}.Debug|Any CPU.Build.0 = Debug|Any CPU
		{1C5D3695-A1A2-4D5C-82F7-AD073349450B}.Release|Any CPU.ActiveCfg = Release|Any CPU
		{1C5D3695-A1A2-4D5C-82F7-AD073349450B}.Release|Any CPU.Build.0 = Release|Any CPU
		{1C409D72-476A-4497-87FA-ADB73A698918}.Debug|Any CPU.ActiveCfg = Debug|Any CPU
		{1C409D72-476A-4497-87FA-ADB73A698918}.Debug|Any CPU.Build.0 = Debug|Any CPU
		{1C409D72-476A-4497-87FA-ADB73A698918}.Release|Any CPU.ActiveCfg = Release|Any CPU
		{1C409D72-476A-4497-87FA-ADB73A698918}.Release|Any CPU.Build.0 = Release|Any CPU
		{F5DC0888-8749-4F2E-8772-9BB6D7380494}.Debug|Any CPU.ActiveCfg = Debug|Any CPU
		{F5DC0888-8749-4F2E-8772-9BB6D7380494}.Debug|Any CPU.Build.0 = Debug|Any CPU
		{F5DC0888-8749-4F2E-8772-9BB6D7380494}.Release|Any CPU.ActiveCfg = Release|Any CPU
		{F5DC0888-8749-4F2E-8772-9BB6D7380494}.Release|Any CPU.Build.0 = Release|Any CPU
		{E383159D-6EAF-4148-BB01-D5AC72898792}.Debug|Any CPU.ActiveCfg = Debug|Any CPU
		{E383159D-6EAF-4148-BB01-D5AC72898792}.Debug|Any CPU.Build.0 = Debug|Any CPU
		{E383159D-6EAF-4148-BB01-D5AC72898792}.Release|Any CPU.ActiveCfg = Release|Any CPU
		{E383159D-6EAF-4148-BB01-D5AC72898792}.Release|Any CPU.Build.0 = Release|Any CPU
		{D8B89489-7D49-4D2F-8953-61893DD95A64}.Debug|Any CPU.ActiveCfg = Debug|Any CPU
		{D8B89489-7D49-4D2F-8953-61893DD95A64}.Debug|Any CPU.Build.0 = Debug|Any CPU
		{D8B89489-7D49-4D2F-8953-61893DD95A64}.Release|Any CPU.ActiveCfg = Release|Any CPU
		{D8B89489-7D49-4D2F-8953-61893DD95A64}.Release|Any CPU.Build.0 = Release|Any CPU
		{1F89BB90-F804-4CE2-8527-08EB273818F3}.Debug|Any CPU.ActiveCfg = Debug|Any CPU
		{1F89BB90-F804-4CE2-8527-08EB273818F3}.Debug|Any CPU.Build.0 = Debug|Any CPU
		{1F89BB90-F804-4CE2-8527-08EB273818F3}.Release|Any CPU.ActiveCfg = Release|Any CPU
		{1F89BB90-F804-4CE2-8527-08EB273818F3}.Release|Any CPU.Build.0 = Release|Any CPU
		{F3B2E342-45CD-4A7B-816D-FA752D88E9E5}.Debug|Any CPU.ActiveCfg = Debug|Any CPU
		{F3B2E342-45CD-4A7B-816D-FA752D88E9E5}.Debug|Any CPU.Build.0 = Debug|Any CPU
		{F3B2E342-45CD-4A7B-816D-FA752D88E9E5}.Release|Any CPU.ActiveCfg = Release|Any CPU
		{F3B2E342-45CD-4A7B-816D-FA752D88E9E5}.Release|Any CPU.Build.0 = Release|Any CPU
	EndGlobalSection
	GlobalSection(SolutionProperties) = preSolution
		HideSolutionNode = FALSE
	EndGlobalSection
	GlobalSection(NestedProjects) = preSolution
		{6B34EB2E-9ECA-4D7C-B2B6-BFAE3C828805} = {75E78544-782E-455D-B2C9-02D65A8C1A1F}
		{4B5DD0DC-B780-470F-BE0D-5C3B1EBD0093} = {E048036B-2697-4BAD-B250-EE08B4692817}
		{3FC432B8-F9FC-4734-AF5B-C72C683BBEC1} = {A8F18725-3CF4-44AA-9802-67DBCE7AD1AE}
		{1D357461-A46C-4ABD-8864-DE31A86C67C6} = {A8F18725-3CF4-44AA-9802-67DBCE7AD1AE}
		{1C5D3695-A1A2-4D5C-82F7-AD073349450B} = {4F0A1BF5-5699-40D1-9443-52BA6B0A4816}
		{1C409D72-476A-4497-87FA-ADB73A698918} = {5FCFEC1D-CDBD-4D54-9AF3-37C98E3A5BF9}
		{F5DC0888-8749-4F2E-8772-9BB6D7380494} = {5FCFEC1D-CDBD-4D54-9AF3-37C98E3A5BF9}
		{E383159D-6EAF-4148-BB01-D5AC72898792} = {D6AC766D-3A67-476F-B04B-4003A418C2EC}
		{D8B89489-7D49-4D2F-8953-61893DD95A64} = {D6AC766D-3A67-476F-B04B-4003A418C2EC}
		{1F89BB90-F804-4CE2-8527-08EB273818F3} = {D035D638-171F-43F6-B4A1-2C4FCBB479AD}
		{F3B2E342-45CD-4A7B-816D-FA752D88E9E5} = {D035D638-171F-43F6-B4A1-2C4FCBB479AD}
	EndGlobalSection
	GlobalSection(ExtensibilityGlobals) = postSolution
		SolutionGuid = {37CF3602-6A8F-4579-8017-AB6601A19CF2}
	EndGlobalSection
EndGlobal
