
Microsoft Visual Studio Solution File, Format Version 12.00
# Visual Studio Version 17
VisualStudioVersion = 17.5.002.0
MinimumVisualStudioVersion = 10.0.40219.1
Project("{9A19103F-16F7-4668-BE54-9A1E7A4F7556}") = "Numbers", "Numbers\Numbers.csproj", "{1E9BACEC-E737-4041-8CDF-DA03B1A7BA61}"
EndProject
Project("{9A19103F-16F7-4668-BE54-9A1E7A4F7556}") = "PrimeService.UnitTests", "PrimeService.UnitTests\PrimeService.UnitTests.csproj", "{DE8ADE27-ECC5-461D-9158-BD74C01ECB2E}"
EndProject
Global
	GlobalSection(SolutionConfigurationPlatforms) = preSolution
		Debug|Any CPU = Debug|Any CPU
		Release|Any CPU = Release|Any CPU
	EndGlobalSection
	GlobalSection(ProjectConfigurationPlatforms) = postSolution
		{1E9BACEC-E737-4041-8CDF-DA03B1A7BA61}.Debug|Any CPU.ActiveCfg = Debug|Any CPU
		{1E9BACEC-E737-4041-8CDF-DA03B1A7BA61}.Debug|Any CPU.Build.0 = Debug|Any CPU
		{1E9BACEC-E737-4041-8CDF-DA03B1A7BA61}.Release|Any CPU.ActiveCfg = Release|Any CPU
		{1E9BACEC-E737-4041-8CDF-DA03B1A7BA61}.Release|Any CPU.Build.0 = Release|Any CPU
		{DE8ADE27-ECC5-461D-9158-BD74C01ECB2E}.Debug|Any CPU.ActiveCfg = Debug|Any CPU
		{DE8ADE27-ECC5-461D-9158-BD74C01ECB2E}.Debug|Any CPU.Build.0 = Debug|Any CPU
		{DE8ADE27-ECC5-461D-9158-BD74C01ECB2E}.Release|Any CPU.ActiveCfg = Release|Any CPU
		{DE8ADE27-ECC5-461D-9158-BD74C01ECB2E}.Release|Any CPU.Build.0 = Release|Any CPU
	EndGlobalSection
	GlobalSection(SolutionProperties) = preSolution
		HideSolutionNode = FALSE
	EndGlobalSection
	GlobalSection(ExtensibilityGlobals) = postSolution
		SolutionGuid = {7BDB89AD-B424-4FDA-9D56-A2FF1F00BB00}
	EndGlobalSection
EndGlobal
